
Microsoft Visual Studio Solution File, Format Version 12.00
# Visual Studio 2012
Project("{8BC9CEB8-8B4A-11D0-8D11-00A0C91BC942}") = "RayTracing", "RayTracing.vcxproj", "{9D253285-92F6-4CE1-ACE5-0828F23F67BC}"
EndProject
Global
	GlobalSection(SolutionConfigurationPlatforms) = preSolution
		Debug|Win32 = Debug|Win32
		Release|Win32 = Release|Win32
	EndGlobalSection
	GlobalSection(ProjectConfigurationPlatforms) = postSolution
		{9D253285-92F6-4CE1-ACE5-0828F23F67BC}.Debug|Win32.ActiveCfg = Debug|Win32
		{9D253285-92F6-4CE1-ACE5-0828F23F67BC}.Debug|Win32.Build.0 = Debug|Win32
		{9D253285-92F6-4CE1-ACE5-0828F23F67BC}.Release|Win32.ActiveCfg = Release|Win32
		{9D253285-92F6-4CE1-ACE5-0828F23F67BC}.Release|Win32.Build.0 = Release|Win32
	EndGlobalSection
	GlobalSection(SolutionProperties) = preSolution
		HideSolutionNode = FALSE
	EndGlobalSection
EndGlobal
